// !$*UTF8*$!
{
	archiveVersion = 1;
	classes = {
	};
	objectVersion = 52;
	objects = {

/* Begin PBXBuildFile section */
		2B073ECA26FF6B38008AD5F4 /* Utility.swift in Sources */ = {isa = PBXBuildFile; fileRef = 2B073EC926FF6B38008AD5F4 /* Utility.swift */; };
		2B2F157C27036BD500E2482C /* Demo.m in Sources */ = {isa = PBXBuildFile; fileRef = 2B2F157B27036BD500E2482C /* Demo.m */; };
		2B7C43A22725422300A71AE4 /* OtherC.m in Sources */ = {isa = PBXBuildFile; fileRef = 2B7C43A12725422300A71AE4 /* OtherC.m */; };
		2BC5E1AC26FF20B40087453F /* Algorithms in Frameworks */ = {isa = PBXBuildFile; productRef = 2BC5E1AB26FF20B40087453F /* Algorithms */; };
		E903C454266B7B7E00877E47 /* Queue.swift in Sources */ = {isa = PBXBuildFile; fileRef = E903C453266B7B7E00877E47 /* Queue.swift */; };
		E915091D267A4B8900386FEA /* Stack.swift in Sources */ = {isa = PBXBuildFile; fileRef = E915091C267A4B8900386FEA /* Stack.swift */; };
		E91F12E72659015A006FFE48 /* BTree.swift in Sources */ = {isa = PBXBuildFile; fileRef = E91F12E62659015A006FFE48 /* BTree.swift */; };
		E961D09826481920001ADBB9 /* main.swift in Sources */ = {isa = PBXBuildFile; fileRef = E961D09726481920001ADBB9 /* main.swift */; };
		E961D09F264819B6001ADBB9 /* Array.swift in Sources */ = {isa = PBXBuildFile; fileRef = E961D09E264819B6001ADBB9 /* Array.swift */; };
		E961D0A1264819F1001ADBB9 /* String.swift in Sources */ = {isa = PBXBuildFile; fileRef = E961D0A0264819F1001ADBB9 /* String.swift */; };
		E961D0A326481A38001ADBB9 /* List.swift in Sources */ = {isa = PBXBuildFile; fileRef = E961D0A226481A38001ADBB9 /* List.swift */; };
		E961D0A5264AACC6001ADBB9 /* Tree.swift in Sources */ = {isa = PBXBuildFile; fileRef = E961D0A4264AACC6001ADBB9 /* Tree.swift */; };
		E961D0A7264AB416001ADBB9 /* Sort&Search.swift in Sources */ = {isa = PBXBuildFile; fileRef = E961D0A6264AB416001ADBB9 /* Sort&Search.swift */; };
		E961D0AB264D6990001ADBB9 /* Design.swift in Sources */ = {isa = PBXBuildFile; fileRef = E961D0AA264D6990001ADBB9 /* Design.swift */; };
		E961D0AD264D7326001ADBB9 /* Math.swift in Sources */ = {isa = PBXBuildFile; fileRef = E961D0AC264D7326001ADBB9 /* Math.swift */; };
		E97D290C268F4E9300936EC2 /* KMP.swift in Sources */ = {isa = PBXBuildFile; fileRef = E97D290B268F4E9300936EC2 /* KMP.swift */; };
		E9BA8BC32675F20A00DBF4D6 /* BFS.swift in Sources */ = {isa = PBXBuildFile; fileRef = E9BA8BC22675F20A00DBF4D6 /* BFS.swift */; };
		E9BA8BC52675F21100DBF4D6 /* DFS.swift in Sources */ = {isa = PBXBuildFile; fileRef = E9BA8BC42675F21100DBF4D6 /* DFS.swift */; };
		E9E2A26E264BEF2B00E65136 /* DP.swift in Sources */ = {isa = PBXBuildFile; fileRef = E9E2A26D264BEF2B00E65136 /* DP.swift */; };
/* End PBXBuildFile section */

/* Begin PBXCopyFilesBuildPhase section */
		E961D09226481920001ADBB9 /* CopyFiles */ = {
			isa = PBXCopyFilesBuildPhase;
			buildActionMask = 2147483647;
			dstPath = /usr/share/man/man1/;
			dstSubfolderSpec = 0;
			files = (
			);
			runOnlyForDeploymentPostprocessing = 1;
		};
/* End PBXCopyFilesBuildPhase section */

/* Begin PBXFileReference section */
		2B073EC926FF6B38008AD5F4 /* Utility.swift */ = {isa = PBXFileReference; lastKnownFileType = sourcecode.swift; path = Utility.swift; sourceTree = "<group>"; };
		2B2F157927036BD500E2482C /* Alg-Bridging-Header.h */ = {isa = PBXFileReference; lastKnownFileType = sourcecode.c.h; path = "Alg-Bridging-Header.h"; sourceTree = "<group>"; };
		2B2F157A27036BD500E2482C /* Demo.h */ = {isa = PBXFileReference; lastKnownFileType = sourcecode.c.h; path = Demo.h; sourceTree = "<group>"; };
		2B2F157B27036BD500E2482C /* Demo.m */ = {isa = PBXFileReference; lastKnownFileType = sourcecode.c.objc; path = Demo.m; sourceTree = "<group>"; };
		2B7C43A02725422300A71AE4 /* OtherC.h */ = {isa = PBXFileReference; lastKnownFileType = sourcecode.c.h; path = OtherC.h; sourceTree = "<group>"; };
		2B7C43A12725422300A71AE4 /* OtherC.m */ = {isa = PBXFileReference; lastKnownFileType = sourcecode.c.objc; path = OtherC.m; sourceTree = "<group>"; };
		E903C453266B7B7E00877E47 /* Queue.swift */ = {isa = PBXFileReference; lastKnownFileType = sourcecode.swift; path = Queue.swift; sourceTree = "<group>"; };
		E915091C267A4B8900386FEA /* Stack.swift */ = {isa = PBXFileReference; lastKnownFileType = sourcecode.swift; path = Stack.swift; sourceTree = "<group>"; };
		E91F12E62659015A006FFE48 /* BTree.swift */ = {isa = PBXFileReference; lastKnownFileType = sourcecode.swift; path = BTree.swift; sourceTree = "<group>"; };
		E961D09426481920001ADBB9 /* Alg */ = {isa = PBXFileReference; explicitFileType = "compiled.mach-o.executable"; includeInIndex = 0; path = Alg; sourceTree = BUILT_PRODUCTS_DIR; };
		E961D09726481920001ADBB9 /* main.swift */ = {isa = PBXFileReference; lastKnownFileType = sourcecode.swift; path = main.swift; sourceTree = "<group>"; };
		E961D09E264819B6001ADBB9 /* Array.swift */ = {isa = PBXFileReference; lastKnownFileType = sourcecode.swift; path = Array.swift; sourceTree = "<group>"; };
		E961D0A0264819F1001ADBB9 /* String.swift */ = {isa = PBXFileReference; lastKnownFileType = sourcecode.swift; path = String.swift; sourceTree = "<group>"; };
		E961D0A226481A38001ADBB9 /* List.swift */ = {isa = PBXFileReference; lastKnownFileType = sourcecode.swift; path = List.swift; sourceTree = "<group>"; };
		E961D0A4264AACC6001ADBB9 /* Tree.swift */ = {isa = PBXFileReference; lastKnownFileType = sourcecode.swift; path = Tree.swift; sourceTree = "<group>"; };
		E961D0A6264AB416001ADBB9 /* Sort&Search.swift */ = {isa = PBXFileReference; lastKnownFileType = sourcecode.swift; path = "Sort&Search.swift"; sourceTree = "<group>"; };
		E961D0AA264D6990001ADBB9 /* Design.swift */ = {isa = PBXFileReference; lastKnownFileType = sourcecode.swift; path = Design.swift; sourceTree = "<group>"; };
		E961D0AC264D7326001ADBB9 /* Math.swift */ = {isa = PBXFileReference; lastKnownFileType = sourcecode.swift; path = Math.swift; sourceTree = "<group>"; };
		E97D290B268F4E9300936EC2 /* KMP.swift */ = {isa = PBXFileReference; lastKnownFileType = sourcecode.swift; path = KMP.swift; sourceTree = "<group>"; };
		E9BA8BC22675F20A00DBF4D6 /* BFS.swift */ = {isa = PBXFileReference; lastKnownFileType = sourcecode.swift; path = BFS.swift; sourceTree = "<group>"; };
		E9BA8BC42675F21100DBF4D6 /* DFS.swift */ = {isa = PBXFileReference; lastKnownFileType = sourcecode.swift; path = DFS.swift; sourceTree = "<group>"; };
		E9E2A26D264BEF2B00E65136 /* DP.swift */ = {isa = PBXFileReference; lastKnownFileType = sourcecode.swift; path = DP.swift; sourceTree = "<group>"; };
/* End PBXFileReference section */

/* Begin PBXFrameworksBuildPhase section */
		E961D09126481920001ADBB9 /* Frameworks */ = {
			isa = PBXFrameworksBuildPhase;
			buildActionMask = 2147483647;
			files = (
				2BC5E1AC26FF20B40087453F /* Algorithms in Frameworks */,
			);
			runOnlyForDeploymentPostprocessing = 0;
		};
/* End PBXFrameworksBuildPhase section */

/* Begin PBXGroup section */
		2B073EC826FF6AFA008AD5F4 /* Old */ = {
			isa = PBXGroup;
			children = (
				E961D09E264819B6001ADBB9 /* Array.swift */,
				E961D0A0264819F1001ADBB9 /* String.swift */,
				E961D0A226481A38001ADBB9 /* List.swift */,
				E903C455266B7B8200877E47 /* Queue */,
				E915091B267A4B7E00386FEA /* Stack */,
				E91F12E52659014C006FFE48 /* Tree */,
				E961D0A6264AB416001ADBB9 /* Sort&Search.swift */,
				E9E2A26D264BEF2B00E65136 /* DP.swift */,
				E961D0AA264D6990001ADBB9 /* Design.swift */,
				E961D0AC264D7326001ADBB9 /* Math.swift */,
				E97D290B268F4E9300936EC2 /* KMP.swift */,
			);
			path = Old;
			sourceTree = "<group>";
		};
		E903C455266B7B8200877E47 /* Queue */ = {
			isa = PBXGroup;
			children = (
				E903C453266B7B7E00877E47 /* Queue.swift */,
			);
			path = Queue;
			sourceTree = "<group>";
		};
		E915091B267A4B7E00386FEA /* Stack */ = {
			isa = PBXGroup;
			children = (
				E915091C267A4B8900386FEA /* Stack.swift */,
			);
			path = Stack;
			sourceTree = "<group>";
		};
		E91F12E52659014C006FFE48 /* Tree */ = {
			isa = PBXGroup;
			children = (
				E961D0A4264AACC6001ADBB9 /* Tree.swift */,
				E91F12E62659015A006FFE48 /* BTree.swift */,
				E9BA8BC22675F20A00DBF4D6 /* BFS.swift */,
				E9BA8BC42675F21100DBF4D6 /* DFS.swift */,
			);
			path = Tree;
			sourceTree = "<group>";
		};
		E961D08B26481920001ADBB9 = {
			isa = PBXGroup;
			children = (
				E961D09626481920001ADBB9 /* Alg */,
				E961D09526481920001ADBB9 /* Products */,
			);
			sourceTree = "<group>";
		};
		E961D09526481920001ADBB9 /* Products */ = {
			isa = PBXGroup;
			children = (
				E961D09426481920001ADBB9 /* Alg */,
			);
			name = Products;
			sourceTree = "<group>";
		};
		E961D09626481920001ADBB9 /* Alg */ = {
			isa = PBXGroup;
			children = (
				E961D09726481920001ADBB9 /* main.swift */,
				2B7C43A02725422300A71AE4 /* OtherC.h */,
				2B7C43A12725422300A71AE4 /* OtherC.m */,
				2B073EC926FF6B38008AD5F4 /* Utility.swift */,
				2B2F157A27036BD500E2482C /* Demo.h */,
				2B2F157B27036BD500E2482C /* Demo.m */,
				2B073EC826FF6AFA008AD5F4 /* Old */,
				2B2F157927036BD500E2482C /* Alg-Bridging-Header.h */,
			);
			path = Alg;
			sourceTree = "<group>";
		};
/* End PBXGroup section */

/* Begin PBXNativeTarget section */
		E961D09326481920001ADBB9 /* Alg */ = {
			isa = PBXNativeTarget;
			buildConfigurationList = E961D09B26481920001ADBB9 /* Build configuration list for PBXNativeTarget "Alg" */;
			buildPhases = (
				E961D09026481920001ADBB9 /* Sources */,
				E961D09126481920001ADBB9 /* Frameworks */,
				E961D09226481920001ADBB9 /* CopyFiles */,
			);
			buildRules = (
			);
			dependencies = (
			);
			name = Alg;
			packageProductDependencies = (
				2BC5E1AB26FF20B40087453F /* Algorithms */,
			);
			productName = Alg;
			productReference = E961D09426481920001ADBB9 /* Alg */;
			productType = "com.apple.product-type.tool";
		};
/* End PBXNativeTarget section */

/* Begin PBXProject section */
		E961D08C26481920001ADBB9 /* Project object */ = {
			isa = PBXProject;
			attributes = {
				LastSwiftUpdateCheck = 1250;
				LastUpgradeCheck = 1250;
				TargetAttributes = {
					E961D09326481920001ADBB9 = {
						CreatedOnToolsVersion = 12.5;
						LastSwiftMigration = 1300;
					};
				};
			};
			buildConfigurationList = E961D08F26481920001ADBB9 /* Build configuration list for PBXProject "Alg" */;
			compatibilityVersion = "Xcode 9.3";
			developmentRegion = en;
			hasScannedForEncodings = 0;
			knownRegions = (
				en,
				Base,
			);
			mainGroup = E961D08B26481920001ADBB9;
			packageReferences = (
				2BC5E1AA26FF20B40087453F /* XCRemoteSwiftPackageReference "swift-algorithms" */,
			);
			productRefGroup = E961D09526481920001ADBB9 /* Products */;
			projectDirPath = "";
			projectRoot = "";
			targets = (
				E961D09326481920001ADBB9 /* Alg */,
			);
		};
/* End PBXProject section */

/* Begin PBXSourcesBuildPhase section */
		E961D09026481920001ADBB9 /* Sources */ = {
			isa = PBXSourcesBuildPhase;
			buildActionMask = 2147483647;
			files = (
				E9BA8BC52675F21100DBF4D6 /* DFS.swift in Sources */,
				E961D0A7264AB416001ADBB9 /* Sort&Search.swift in Sources */,
				E915091D267A4B8900386FEA /* Stack.swift in Sources */,
				E961D0AB264D6990001ADBB9 /* Design.swift in Sources */,
				E91F12E72659015A006FFE48 /* BTree.swift in Sources */,
				E903C454266B7B7E00877E47 /* Queue.swift in Sources */,
				E961D0AD264D7326001ADBB9 /* Math.swift in Sources */,
				E961D0A5264AACC6001ADBB9 /* Tree.swift in Sources */,
				E961D0A1264819F1001ADBB9 /* String.swift in Sources */,
				E961D0A326481A38001ADBB9 /* List.swift in Sources */,
				2B2F157C27036BD500E2482C /* Demo.m in Sources */,
				E961D09826481920001ADBB9 /* main.swift in Sources */,
				E9E2A26E264BEF2B00E65136 /* DP.swift in Sources */,
				2B073ECA26FF6B38008AD5F4 /* Utility.swift in Sources */,
				E97D290C268F4E9300936EC2 /* KMP.swift in Sources */,
				E961D09F264819B6001ADBB9 /* Array.swift in Sources */,
				2B7C43A22725422300A71AE4 /* OtherC.m in Sources */,
				E9BA8BC32675F20A00DBF4D6 /* BFS.swift in Sources */,
			);
			runOnlyForDeploymentPostprocessing = 0;
		};
/* End PBXSourcesBuildPhase section */

/* Begin XCBuildConfiguration section */
		E961D09926481920001ADBB9 /* Debug */ = {
			isa = XCBuildConfiguration;
			buildSettings = {
				ALWAYS_SEARCH_USER_PATHS = NO;
				CLANG_ANALYZER_NONNULL = YES;
				CLANG_ANALYZER_NUMBER_OBJECT_CONVERSION = YES_AGGRESSIVE;
				CLANG_CXX_LANGUAGE_STANDARD = "gnu++14";
				CLANG_CXX_LIBRARY = "libc++";
				CLANG_ENABLE_MODULES = YES;
				CLANG_ENABLE_OBJC_ARC = YES;
				CLANG_ENABLE_OBJC_WEAK = YES;
				CLANG_WARN_BLOCK_CAPTURE_AUTORELEASING = YES;
				CLANG_WARN_BOOL_CONVERSION = YES;
				CLANG_WARN_COMMA = YES;
				CLANG_WARN_CONSTANT_CONVERSION = YES;
				CLANG_WARN_DEPRECATED_OBJC_IMPLEMENTATIONS = YES;
				CLANG_WARN_DIRECT_OBJC_ISA_USAGE = YES_ERROR;
				CLANG_WARN_DOCUMENTATION_COMMENTS = YES;
				CLANG_WARN_EMPTY_BODY = YES;
				CLANG_WARN_ENUM_CONVERSION = YES;
				CLANG_WARN_INFINITE_RECURSION = YES;
				CLANG_WARN_INT_CONVERSION = YES;
				CLANG_WARN_NON_LITERAL_NULL_CONVERSION = YES;
				CLANG_WARN_OBJC_IMPLICIT_RETAIN_SELF = YES;
				CLANG_WARN_OBJC_LITERAL_CONVERSION = YES;
				CLANG_WARN_OBJC_ROOT_CLASS = YES_ERROR;
				CLANG_WARN_QUOTED_INCLUDE_IN_FRAMEWORK_HEADER = YES;
				CLANG_WARN_RANGE_LOOP_ANALYSIS = YES;
				CLANG_WARN_STRICT_PROTOTYPES = YES;
				CLANG_WARN_SUSPICIOUS_MOVE = YES;
				CLANG_WARN_UNGUARDED_AVAILABILITY = YES_AGGRESSIVE;
				CLANG_WARN_UNREACHABLE_CODE = YES;
				CLANG_WARN__DUPLICATE_METHOD_MATCH = YES;
				COPY_PHASE_STRIP = NO;
				DEBUG_INFORMATION_FORMAT = dwarf;
				ENABLE_STRICT_OBJC_MSGSEND = YES;
				ENABLE_TESTABILITY = YES;
				GCC_C_LANGUAGE_STANDARD = gnu11;
				GCC_DYNAMIC_NO_PIC = NO;
				GCC_NO_COMMON_BLOCKS = YES;
				GCC_OPTIMIZATION_LEVEL = 0;
				GCC_PREPROCESSOR_DEFINITIONS = (
					"DEBUG=1",
					"$(inherited)",
				);
				GCC_WARN_64_TO_32_BIT_CONVERSION = YES;
				GCC_WARN_ABOUT_RETURN_TYPE = YES_ERROR;
				GCC_WARN_UNDECLARED_SELECTOR = YES;
				GCC_WARN_UNINITIALIZED_AUTOS = YES_AGGRESSIVE;
				GCC_WARN_UNUSED_FUNCTION = YES;
				GCC_WARN_UNUSED_VARIABLE = YES;
				MACOSX_DEPLOYMENT_TARGET = 11.3;
				MTL_ENABLE_DEBUG_INFO = INCLUDE_SOURCE;
				MTL_FAST_MATH = YES;
				ONLY_ACTIVE_ARCH = YES;
				SDKROOT = macosx;
				SWIFT_ACTIVE_COMPILATION_CONDITIONS = DEBUG;
				SWIFT_OPTIMIZATION_LEVEL = "-Onone";
			};
			name = Debug;
		};
		E961D09A26481920001ADBB9 /* Release */ = {
			isa = XCBuildConfiguration;
			buildSettings = {
				ALWAYS_SEARCH_USER_PATHS = NO;
				CLANG_ANALYZER_NONNULL = YES;
				CLANG_ANALYZER_NUMBER_OBJECT_CONVERSION = YES_AGGRESSIVE;
				CLANG_CXX_LANGUAGE_STANDARD = "gnu++14";
				CLANG_CXX_LIBRARY = "libc++";
				CLANG_ENABLE_MODULES = YES;
				CLANG_ENABLE_OBJC_ARC = YES;
				CLANG_ENABLE_OBJC_WEAK = YES;
				CLANG_WARN_BLOCK_CAPTURE_AUTORELEASING = YES;
				CLANG_WARN_BOOL_CONVERSION = YES;
				CLANG_WARN_COMMA = YES;
				CLANG_WARN_CONSTANT_CONVERSION = YES;
				CLANG_WARN_DEPRECATED_OBJC_IMPLEMENTATIONS = YES;
				CLANG_WARN_DIRECT_OBJC_ISA_USAGE = YES_ERROR;
				CLANG_WARN_DOCUMENTATION_COMMENTS = YES;
				CLANG_WARN_EMPTY_BODY = YES;
				CLANG_WARN_ENUM_CONVERSION = YES;
				CLANG_WARN_INFINITE_RECURSION = YES;
				CLANG_WARN_INT_CONVERSION = YES;
				CLANG_WARN_NON_LITERAL_NULL_CONVERSION = YES;
				CLANG_WARN_OBJC_IMPLICIT_RETAIN_SELF = YES;
				CLANG_WARN_OBJC_LITERAL_CONVERSION = YES;
				CLANG_WARN_OBJC_ROOT_CLASS = YES_ERROR;
				CLANG_WARN_QUOTED_INCLUDE_IN_FRAMEWORK_HEADER = YES;
				CLANG_WARN_RANGE_LOOP_ANALYSIS = YES;
				CLANG_WARN_STRICT_PROTOTYPES = YES;
				CLANG_WARN_SUSPICIOUS_MOVE = YES;
				CLANG_WARN_UNGUARDED_AVAILABILITY = YES_AGGRESSIVE;
				CLANG_WARN_UNREACHABLE_CODE = YES;
				CLANG_WARN__DUPLICATE_METHOD_MATCH = YES;
				COPY_PHASE_STRIP = NO;
				DEBUG_INFORMATION_FORMAT = "dwarf-with-dsym";
				ENABLE_NS_ASSERTIONS = NO;
				ENABLE_STRICT_OBJC_MSGSEND = YES;
				GCC_C_LANGUAGE_STANDARD = gnu11;
				GCC_NO_COMMON_BLOCKS = YES;
				GCC_WARN_64_TO_32_BIT_CONVERSION = YES;
				GCC_WARN_ABOUT_RETURN_TYPE = YES_ERROR;
				GCC_WARN_UNDECLARED_SELECTOR = YES;
				GCC_WARN_UNINITIALIZED_AUTOS = YES_AGGRESSIVE;
				GCC_WARN_UNUSED_FUNCTION = YES;
				GCC_WARN_UNUSED_VARIABLE = YES;
				MACOSX_DEPLOYMENT_TARGET = 11.3;
				MTL_ENABLE_DEBUG_INFO = NO;
				MTL_FAST_MATH = YES;
				SDKROOT = macosx;
				SWIFT_COMPILATION_MODE = wholemodule;
				SWIFT_OPTIMIZATION_LEVEL = "-O";
			};
			name = Release;
		};
		E961D09C26481920001ADBB9 /* Debug */ = {
			isa = XCBuildConfiguration;
			buildSettings = {
				CLANG_ENABLE_MODULES = YES;
				CODE_SIGN_STYLE = Automatic;
				LD_RUNPATH_SEARCH_PATHS = (
					"$(inherited)",
					"@executable_path/../Frameworks",
					"@loader_path/../Frameworks",
				);
				MACOSX_DEPLOYMENT_TARGET = 11.1;
				PRODUCT_NAME = "$(TARGET_NAME)";
				SWIFT_OBJC_BRIDGING_HEADER = "Alg/Alg-Bridging-Header.h";
				SWIFT_OPTIMIZATION_LEVEL = "-Onone";
				SWIFT_VERSION = 5.0;
			};
			name = Debug;
		};
		E961D09D26481920001ADBB9 /* Release */ = {
			isa = XCBuildConfiguration;
			buildSettings = {
				CLANG_ENABLE_MODULES = YES;
				CODE_SIGN_STYLE = Automatic;
				LD_RUNPATH_SEARCH_PATHS = (
					"$(inherited)",
					"@executable_path/../Frameworks",
					"@loader_path/../Frameworks",
				);
				MACOSX_DEPLOYMENT_TARGET = 11.1;
				PRODUCT_NAME = "$(TARGET_NAME)";
				SWIFT_OBJC_BRIDGING_HEADER = "Alg/Alg-Bridging-Header.h";
				SWIFT_VERSION = 5.0;
			};
			name = Release;
		};
/* End XCBuildConfiguration section */

/* Begin XCConfigurationList section */
		E961D08F26481920001ADBB9 /* Build configuration list for PBXProject "Alg" */ = {
			isa = XCConfigurationList;
			buildConfigurations = (
				E961D09926481920001ADBB9 /* Debug */,
				E961D09A26481920001ADBB9 /* Release */,
			);
			defaultConfigurationIsVisible = 0;
			defaultConfigurationName = Release;
		};
		E961D09B26481920001ADBB9 /* Build configuration list for PBXNativeTarget "Alg" */ = {
			isa = XCConfigurationList;
			buildConfigurations = (
				E961D09C26481920001ADBB9 /* Debug */,
				E961D09D26481920001ADBB9 /* Release */,
			);
			defaultConfigurationIsVisible = 0;
			defaultConfigurationName = Release;
		};
/* End XCConfigurationList section */

/* Begin XCRemoteSwiftPackageReference section */
		2BC5E1AA26FF20B40087453F /* XCRemoteSwiftPackageReference "swift-algorithms" */ = {
			isa = XCRemoteSwiftPackageReference;
			repositoryURL = "https://github.com/apple/swift-algorithms.git";
			requirement = {
				kind = upToNextMajorVersion;
				minimumVersion = 1.0.0;
			};
		};
/* End XCRemoteSwiftPackageReference section */

/* Begin XCSwiftPackageProductDependency section */
		2BC5E1AB26FF20B40087453F /* Algorithms */ = {
			isa = XCSwiftPackageProductDependency;
			package = 2BC5E1AA26FF20B40087453F /* XCRemoteSwiftPackageReference "swift-algorithms" */;
			productName = Algorithms;
		};
/* End XCSwiftPackageProductDependency section */
	};
	rootObject = E961D08C26481920001ADBB9 /* Project object */;
}
